# This file is automatically @generated by Cargo.
# It is not intended for manual editing.
version = 3

[[package]]
name = "goxoy-address-parser"
version = "0.0.5"
source = "registry+https://github.com/rust-lang/crates.io-index"
checksum = "9dd38a88341e948563f55deffb4620ff43fdc51b507961f1e08d00a06958ee0c"

[[package]]
name = "goxoy-socket-client"
version = "0.1.7"
dependencies = [
 "goxoy-address-parser",
]
