# This file is automatically @generated by Cargo.
# It is not intended for manual editing.
version = 3

[[package]]
name = "goxoy-address-parser"
version = "0.0.4"
source = "registry+https://github.com/rust-lang/crates.io-index"
checksum = "a4b250b7614e0e94377b445bba88e445835824a2da7028e42e88870706966cb0"

[[package]]
name = "goxoy-socket-client"
version = "0.1.6"
dependencies = [
 "goxoy-address-parser",
]
